
Microsoft Visual Studio Solution File, Format Version 10.00
# Visual Studio 2008
Project("{8BC9CEB8-8B4A-11D0-8D11-00A0C91BC942}") = "gltPhysx", "gltPhysx\gltPhysx.vcproj", "{7911A45C-EBE5-4540-B6FE-6CABB2AC6A7A}"
EndProject
Global
	GlobalSection(SolutionConfigurationPlatforms) = preSolution
		Debug|Win32 = Debug|Win32
		Release|Win32 = Release|Win32
	EndGlobalSection
	GlobalSection(ProjectConfigurationPlatforms) = postSolution
		{7911A45C-EBE5-4540-B6FE-6CABB2AC6A7A}.Debug|Win32.ActiveCfg = Debug|Win32
		{7911A45C-EBE5-4540-B6FE-6CABB2AC6A7A}.Debug|Win32.Build.0 = Debug|Win32
		{7911A45C-EBE5-4540-B6FE-6CABB2AC6A7A}.Release|Win32.ActiveCfg = Release|Win32
		{7911A45C-EBE5-4540-B6FE-6CABB2AC6A7A}.Release|Win32.Build.0 = Release|Win32
	EndGlobalSection
	GlobalSection(SolutionProperties) = preSolution
		HideSolutionNode = FALSE
	EndGlobalSection
EndGlobal
